# THIS IS AN AUTOGENERATED FILE. DO NOT EDIT THIS FILE DIRECTLY.
# yarn lockfile v1


"@types/prop-types@*":
  version "15.7.3"
  resolved "https://registry.npmjs.org/@types/prop-types/-/prop-types-15.7.3.tgz#2ab0d5da2e5815f94b0b9d4b95d1e5f243ab2ca7"
  integrity sha512-KfRL3PuHmqQLOG+2tGpRO26Ctg+Cq1E01D2DMriKEATHgWLfeNDmq9e29Q9WIky0dQ3NPkd1mzYH8Lm936Z9qw==

"@types/react@^16":
  version "16.9.23"
  resolved "https://registry.npmjs.org/@types/react/-/react-16.9.23.tgz#1a66c6d468ba11a8943ad958a8cb3e737568271c"
  integrity sha512-SsGVT4E7L2wLN3tPYLiF20hmZTPGuzaayVunfgXzUn1x4uHVsKH6QDJQ/TdpHqwsTLd4CwrmQ2vOgxN7gE24gw==
  dependencies:
    "@types/prop-types" "*"
    csstype "^2.2.0"

csstype@^2.2.0:
  version "2.6.9"
  resolved "https://registry.npmjs.org/csstype/-/csstype-2.6.9.tgz#05141d0cd557a56b8891394c1911c40c8a98d098"
  integrity sha512-xz39Sb4+OaTsULgUERcCk+TJj8ylkL4aSVDQiX/ksxbELSqwkgt4d4RD7fovIdgJGSuNYqwZEiVjYY5l0ask+Q==

echarts-for-react@^2.0.15-beta.1:
  version "2.0.15-beta.1"
  resolved "https://registry.npmjs.org/echarts-for-react/-/echarts-for-react-2.0.15-beta.1.tgz#1afa21ee0f08f9023eff0b5ab3351f2fe0f708b6"
  integrity sha512-wR8XaI3j/4JvTidZrrJVfP/RqSggLRlzKOwcruytyLSA6AyE51T7mK+EucfwZ0NkX8H6tPFCHCvgJH1LyXjiIg==
  dependencies:
    fast-deep-equal "^2.0.1"
    size-sensor "^0.2.0"

echarts@^4.6.0:
  version "4.6.0"
  resolved "https://registry.npmjs.org/echarts/-/echarts-4.6.0.tgz#b5a47a1046cec93ceeef954f9ee54751340558ec"
  integrity sha512-xKkcr6v9UVOSF+PMuj7Ngt3bnzLwN1sSXWCvpvX+jYb3mePYsZnABq7wGkPac/m0nV653uGHXoHK8DCKCprdNg==
  dependencies:
    zrender "4.2.0"

fast-deep-equal@^2.0.1:
  version "2.0.1"
  resolved "https://registry.npmjs.org/fast-deep-equal/-/fast-deep-equal-2.0.1.tgz#7b05218ddf9667bf7f370bf7fdb2cb15fdd0aa49"
  integrity sha1-ewUhjd+WZ79/Nwv3/bLLFf3Qqkk=

size-sensor@^0.2.0:
  version "0.2.6"
  resolved "https://registry.npmjs.org/size-sensor/-/size-sensor-0.2.6.tgz#6fe43afd570786f097171834002a97fe0b19a3da"
  integrity sha512-0EZ0tXXjyRl9R9+JpoBdH57Xpnbf5NTyDdj7fnFL6KqCsdKyah286ShMflnV2SonnrSFH4OAT/52Jy8qqnoerg==

zrender@4.2.0:
  version "4.2.0"
  resolved "https://registry.npmjs.org/zrender/-/zrender-4.2.0.tgz#d001302e155f28de1f9fc7fcd5c254bad28471cf"
  integrity sha512-YJ9hxt5uFincYYU3KK31+Ce+B6PJmYYK0Q9fQ6jOUAoC/VHbe4kCKAPkxKeT7jGTxrK5wYu18R0TLGqj2zbEOA==
